
Microsoft Visual Studio Solution File, Format Version 12.00
# Visual Studio Version 17
VisualStudioVersion = 17.3.32811.315
MinimumVisualStudioVersion = 10.0.40219.1
Project("{FAE04EC0-301F-11D3-BF4B-00C04F79EFBC}") = "25082022 ödev", "25082022 ödev\25082022 ödev.csproj", "{C1DD80CF-B366-46D4-B829-45094F909A92}"
EndProject
Global
	GlobalSection(SolutionConfigurationPlatforms) = preSolution
		Debug|Any CPU = Debug|Any CPU
		Release|Any CPU = Release|Any CPU
	EndGlobalSection
	GlobalSection(ProjectConfigurationPlatforms) = postSolution
		{C1DD80CF-B366-46D4-B829-45094F909A92}.Debug|Any CPU.ActiveCfg = Debug|Any CPU
		{C1DD80CF-B366-46D4-B829-45094F909A92}.Debug|Any CPU.Build.0 = Debug|Any CPU
		{C1DD80CF-B366-46D4-B829-45094F909A92}.Release|Any CPU.ActiveCfg = Release|Any CPU
		{C1DD80CF-B366-46D4-B829-45094F909A92}.Release|Any CPU.Build.0 = Release|Any CPU
	EndGlobalSection
	GlobalSection(SolutionProperties) = preSolution
		HideSolutionNode = FALSE
	EndGlobalSection
	GlobalSection(ExtensibilityGlobals) = postSolution
		SolutionGuid = {E65D7CBA-94BE-4DAB-BA04-8BA82B0C439C}
	EndGlobalSection
EndGlobal
